<?xml version="1.0" encoding="utf-8"?>
<Project ToolsVersion="4.0" xmlns="http://schemas.microsoft.com/developer/msbuild/2003">
  <ItemGroup>
    <Filter Include="Tests">
      <UniqueIdentifier>{6e710dec-8e50-4f4b-a720-3f24f5ec658b}</UniqueIdentifier>
    </Filter>
  </ItemGroup>
  <ItemGroup>
    <ClCompile Include="..\..\test\ColorTest.cpp">
      <Filter>Tests</Filter>
    </ClCompile>
    <ClCompile Include="..\..\test\pch.cpp" />
    <ClCompile Include="..\..\test\RectTest.cpp">
      <Filter>Tests</Filter>
    </ClCompile>
    <ClCompile Include="..\..\test\ArtistNameValidatorTest.cpp">
      <Filter>Tests</Filter>
    </ClCompile>
    <ClCompile Include="..\..\test\WhiteBalanceTest.cpp">
      <Filter>Tests</Filter>
    </ClCompile>
    <ClCompile Include="..\..\test\UtilsTest.cpp">
      <Filter>Tests</Filter>
    </ClCompile>
    <ClCompile Include="..\..\test\UtilsTestStat3.cpp">
      <Filter>Tests</Filter>
    </ClCompile>
    <ClCompile Include="..\..\test\Mat3x3Test.cpp">
      <Filter>Tests</Filter>
    </ClCompile>
    <ClCompile Include="..\..\test\CFAPatternTest.cpp">
      <Filter>Tests</Filter>
    </ClCompile>
    <ClCompile Include="..\..\test\PathTest.cpp">
      <Filter>Tests</Filter>
    </ClCompile>
    <ClCompile Include="..\..\test\CmdLineTest.cpp">
      <Filter>Tests</Filter>
    </ClCompile>
    <ClCompile Include="..\..\test\CamProfileTest.cpp">
      <Filter>Tests</Filter>
    </ClCompile>
    <ClCompile Include="..\..\test\Array2DTest.cpp">
      <Filter>Tests</Filter>
    </ClCompile>
    <ClCompile Include="..\..\test\StopWatchTest.cpp">
      <Filter>Tests</Filter>
    </ClCompile>
    <ClCompile Include="..\..\test\CR2ReaderTest.cpp">
      <Filter>Tests</Filter>
    </ClCompile>
    <ClCompile Include="..\..\test\PointTest.cpp">
      <Filter>Tests</Filter>
    </ClCompile>
    <ClCompile Include="..\..\test\OptionsTest.cpp">
      <Filter>Tests</Filter>
    </ClCompile>
  </ItemGroup>
  <ItemGroup>
    <ClInclude Include="..\..\test\pch.hpp" />
  </ItemGroup>
  <ItemGroup>
    <None Include="packages.config" />
  </ItemGroup>
</Project>